<?xml version="1.0" encoding="utf-8"?>
<Project ToolsVersion="4.0" xmlns="http://schemas.microsoft.com/developer/msbuild/2003">
  <ItemGroup>
    <Filter Include="Source Files">
      <UniqueIdentifier>{4FC737F1-C7A5-4376-A066-2A32D752A2FF}</UniqueIdentifier>
      <Extensions>cpp;c;cc;cxx;def;odl;idl;hpj;bat;asm;asmx</Extensions>
    </Filter>
    <Filter Include="Header Files">
      <UniqueIdentifier>{93995380-89BD-4b04-88EB-625FBE52EBFB}</UniqueIdentifier>
      <Extensions>h;hpp;hxx;hm;inl;inc;xsd</Extensions>
    </Filter>
    <Filter Include="Misc">
      <UniqueIdentifier>{a93a4650-15ee-4415-af7f-856281b55db7}</UniqueIdentifier>
    </Filter>
    <Filter Include="Source Files\protocols">
      <UniqueIdentifier>{dc6741de-b427-4a4b-ade3-cea8328ed4aa}</UniqueIdentifier>
    </Filter>
  </ItemGroup>
  <ItemGroup>
    <ClInclude Include="DbTestingDbmManager.h">
      <Filter>Header Files</Filter>
    </ClInclude>
    <ClInclude Include="DbTestingDbmPrepStmt.h">
      <Filter>Header Files</Filter>
    </ClInclude>
    <ClInclude Include="DbTestingObject.h">
      <Filter>Header Files</Filter>
    </ClInclude>
    <ClInclude Include="DbTestingStart.h">
      <Filter>Header Files</Filter>
    </ClInclude>
  </ItemGroup>
  <ItemGroup>
    <None Include="dbtesting_sample.ini">
      <Filter>Misc</Filter>
    </None>
    <None Include="dbtestingsmem.files">
      <Filter>Misc</Filter>
    </None>
  </ItemGroup>
  <ItemGroup>
    <ClCompile Include="..\..\protocols\counters.cpp">
      <Filter>Source Files\protocols</Filter>
    </ClCompile>
    <ClCompile Include="..\..\protocols\dbcommon.cpp">
      <Filter>Source Files\protocols</Filter>
    </ClCompile>
    <ClCompile Include="..\..\protocols\dbmgenerator.cpp">
      <Filter>Source Files\protocols</Filter>
    </ClCompile>
    <ClCompile Include="..\..\protocols\dbmstmt.cpp">
      <Filter>Source Files\protocols</Filter>
    </ClCompile>
    <ClCompile Include="..\..\protocols\dbmstmtolap.cpp">
      <Filter>Source Files\protocols</Filter>
    </ClCompile>
    <ClCompile Include="..\..\protocols\initdata.cpp">
      <Filter>Source Files\protocols</Filter>
    </ClCompile>
    <ClCompile Include="..\..\protocols\initdatetime.cpp">
      <Filter>Source Files\protocols</Filter>
    </ClCompile>
    <ClCompile Include="..\..\srvshared\olapreplicatordummy.cpp">
      <Filter>Source Files\protocols</Filter>
    </ClCompile>
    <ClCompile Include="..\..\protocols\psqlvalue.cpp">
      <Filter>Source Files\protocols</Filter>
    </ClCompile>
    <ClCompile Include="..\..\protocols\shared.cpp">
      <Filter>Source Files\protocols</Filter>
    </ClCompile>
    <ClCompile Include="DbTestingDbmManager.cpp">
      <Filter>Source Files</Filter>
    </ClCompile>
    <ClCompile Include="DbTestingDbmPrepStmt.cpp">
      <Filter>Source Files</Filter>
    </ClCompile>
    <ClCompile Include="DbTestingMain.cpp">
      <Filter>Source Files</Filter>
    </ClCompile>
    <ClCompile Include="DbTestingObject.cpp">
      <Filter>Source Files</Filter>
    </ClCompile>
    <ClCompile Include="DbTestingProcessing.cpp">
      <Filter>Source Files</Filter>
    </ClCompile>
    <ClCompile Include="DbTestingSMemStart.cpp">
      <Filter>Source Files</Filter>
    </ClCompile>
    <ClCompile Include="..\..\srvshared\ColossusHand.cpp">
      <Filter>Source Files\protocols</Filter>
    </ClCompile>
    <ClCompile Include="..\..\srvshared\ColossusCommon.cpp">
      <Filter>Source Files\protocols</Filter>
    </ClCompile>
    <ClCompile Include="..\..\protocols\atfgenerated\brandimgs_thin.cpp">
      <Filter>Source Files\protocols</Filter>
    </ClCompile>
    <ClCompile Include="..\..\protocols\handhistory.cpp">
      <Filter>Source Files\protocols</Filter>
    </ClCompile>
    <ClCompile Include="..\..\protocols\i18n.strmap.cpp">
      <Filter>Source Files\protocols</Filter>
    </ClCompile>
    <ClCompile Include="..\..\protocols\i18n.locales.cpp">
      <Filter>Source Files\protocols</Filter>
    </ClCompile>
    <ClCompile Include="..\..\protocols\i18n.utils.cpp">
      <Filter>Source Files\protocols</Filter>
    </ClCompile>
    <ClCompile Include="..\..\protocols\mtlobby\MultidayTourn_thin.cpp">
      <Filter>Source Files\protocols</Filter>
    </ClCompile>
    <ClCompile Include="..\..\srvshared\scriptstringparser.cpp">
      <Filter>Source Files\protocols</Filter>
    </ClCompile>
    <ClCompile Include="..\..\protocols\tourscript.cpp">
      <Filter>Source Files\protocols</Filter>
    </ClCompile>
    <ClCompile Include="..\..\protocols\storm\stormData.cpp">
      <Filter>Source Files\protocols</Filter>
    </ClCompile>
  </ItemGroup>
</Project>
