<?xml version="1.0" encoding="utf-8"?>
<Project ToolsVersion="4.0" xmlns="http://schemas.microsoft.com/developer/msbuild/2003">
  <ItemGroup>
    <Filter Include="Source Files">
      <UniqueIdentifier>{7fa2b3c2-d110-4e73-8584-896a8c552ceb}</UniqueIdentifier>
      <Extensions>cpp;c;cxx;rc;def;r;odl;idl;hpj;bat</Extensions>
    </Filter>
    <Filter Include="Header Files">
      <UniqueIdentifier>{dbc8e845-b125-48eb-8cb8-50d747cb9572}</UniqueIdentifier>
      <Extensions>h;hpp;hxx;hm;inl</Extensions>
    </Filter>
  </ItemGroup>
  <ItemGroup>
    <ClCompile Include="..\..\protocols\counters.cpp">
      <Filter>Source Files</Filter>
    </ClCompile>
    <ClCompile Include="..\..\protocols\dbcommon.cpp">
      <Filter>Source Files</Filter>
    </ClCompile>
    <ClCompile Include="..\..\protocols\dbmgenerator.cpp">
      <Filter>Source Files</Filter>
    </ClCompile>
    <ClCompile Include="..\..\protocols\dbmstmt.cpp">
      <Filter>Source Files</Filter>
    </ClCompile>
    <ClCompile Include="..\..\protocols\dbmstmtolap.cpp">
      <Filter>Source Files</Filter>
    </ClCompile>
    <ClCompile Include="..\..\protocols\FullOlapDbmStatement.cpp">
      <Filter>Source Files</Filter>
    </ClCompile>
    <ClCompile Include="..\..\protocols\initdata.cpp">
      <Filter>Source Files</Filter>
    </ClCompile>
    <ClCompile Include="..\..\protocols\initdatetime.cpp">
      <Filter>Source Files</Filter>
    </ClCompile>
    <ClCompile Include="..\..\protocols\olapreplicatordummy.cpp">
      <Filter>Source Files</Filter>
    </ClCompile>
    <ClCompile Include="PROJECTmain.cpp">
      <Filter>Source Files</Filter>
    </ClCompile>
    <ClCompile Include="PROJECTmanager.cpp">
      <Filter>Source Files</Filter>
    </ClCompile>
    <ClCompile Include="PROJECTobject.cpp">
      <Filter>Source Files</Filter>
    </ClCompile>
    <ClCompile Include="PROJECTprepstmt.cpp">
      <Filter>Source Files</Filter>
    </ClCompile>
    <ClCompile Include="PROJECTstart.cpp">
      <Filter>Source Files</Filter>
    </ClCompile>
    <ClCompile Include="..\..\protocols\psqlvalue.cpp">
      <Filter>Source Files</Filter>
    </ClCompile>
    <ClCompile Include="PROJECTgenerators.cpp">
      <Filter>Source Files</Filter>
    </ClCompile>
    <ClCompile Include="..\..\protocols\dbmserverobjectcommon.cpp">
      <Filter>Source Files</Filter>
    </ClCompile>
  </ItemGroup>
  <ItemGroup>
    <ClInclude Include="..\..\protocols\dbcommon.h">
      <Filter>Header Files</Filter>
    </ClInclude>
    <ClInclude Include="..\..\protocols\dbmgenerator.h">
      <Filter>Header Files</Filter>
    </ClInclude>
    <ClInclude Include="..\..\protocols\dbmstmt.h">
      <Filter>Header Files</Filter>
    </ClInclude>
    <ClInclude Include="..\..\protocols\licenseid.h">
      <Filter>Header Files</Filter>
    </ClInclude>
    <ClInclude Include="PROJECT.h">
      <Filter>Header Files</Filter>
    </ClInclude>
    <ClInclude Include="PROJECTmanager.h">
      <Filter>Header Files</Filter>
    </ClInclude>
    <ClInclude Include="PROJECTobject.h">
      <Filter>Header Files</Filter>
    </ClInclude>
    <ClInclude Include="PROJECTprepstmt.h">
      <Filter>Header Files</Filter>
    </ClInclude>
    <ClInclude Include="PROJECTstart.h">
      <Filter>Header Files</Filter>
    </ClInclude>
    <ClInclude Include="..\..\protocols\dbmserverobjectcommon.h">
      <Filter>Header Files</Filter>
    </ClInclude>
  </ItemGroup>
</Project>