<?xml version="1.0" encoding="utf-8"?>
<Project ToolsVersion="4.0" xmlns="http://schemas.microsoft.com/developer/msbuild/2003">
  <ItemGroup>
    <Filter Include="Source Files">
      <UniqueIdentifier>{9a0ec9e3-61f4-463e-9624-8d33feed479b}</UniqueIdentifier>
      <Extensions>cpp;c;cxx;rc;def;r;odl;idl;hpj;bat</Extensions>
    </Filter>
    <Filter Include="Header Files">
      <UniqueIdentifier>{3ebc177b-d01c-4d34-a25c-e309ae34f57f}</UniqueIdentifier>
      <Extensions>h;hpp;hxx;hm;inl</Extensions>
    </Filter>
    <Filter Include="Resource Files">
      <UniqueIdentifier>{0818972d-20ac-4cd9-9e5c-adfae99e4228}</UniqueIdentifier>
      <Extensions>ico;cur;bmp;dlg;rc2;rct;bin;rgs;gif;jpg;jpeg;jpe</Extensions>
    </Filter>
  </ItemGroup>
  <ItemGroup>
    <ClCompile Include="PROJECTmain.cpp">
      <Filter>Source Files</Filter>
    </ClCompile>
    <ClCompile Include="PROJECTobject.cpp">
      <Filter>Source Files</Filter>
    </ClCompile>
    <ClCompile Include="PROJECTstart.cpp">
      <Filter>Source Files</Filter>
    </ClCompile>
    <ClCompile Include="..\protocols\counters.cpp">
      <Filter>Source Files</Filter>
    </ClCompile>
  </ItemGroup>
  <ItemGroup>
    <ClInclude Include="PROJECT.h">
      <Filter>Header Files</Filter>
    </ClInclude>
    <ClInclude Include="PROJECTobject.h">
      <Filter>Header Files</Filter>
    </ClInclude>
    <ClInclude Include="PROJECTstart.h">
      <Filter>Header Files</Filter>
    </ClInclude>
  </ItemGroup>
</Project>