<?xml version="1.0" encoding="utf-8"?>
<Project ToolsVersion="4.0" xmlns="http://schemas.microsoft.com/developer/msbuild/2003">
  <ItemGroup>
    <Filter Include="Source Files">
      <UniqueIdentifier>{f1481483-c4ff-416f-a995-60e6fd1a15b7}</UniqueIdentifier>
      <Extensions>cpp;c;cxx;rc;def;r;odl;idl;hpj;bat</Extensions>
    </Filter>
    <Filter Include="Header Files">
      <UniqueIdentifier>{d524e4c3-586b-4292-ab75-acc744150c26}</UniqueIdentifier>
      <Extensions>h;hpp;hxx;hm;inl</Extensions>
    </Filter>
  </ItemGroup>
  <ItemGroup>
    <ClCompile Include="zip\adler32.c">
      <Filter>Source Files</Filter>
    </ClCompile>
    <ClCompile Include="zip\crc32.c">
      <Filter>Source Files</Filter>
    </ClCompile>
    <ClCompile Include="zip\deflate.c">
      <Filter>Source Files</Filter>
    </ClCompile>
    <ClCompile Include="ungif\dgif_lib.c">
      <Filter>Source Files</Filter>
    </ClCompile>
    <ClCompile Include="ungif\gif_err.c">
      <Filter>Source Files</Filter>
    </ClCompile>
    <ClCompile Include="ungif\gif_hash.c">
      <Filter>Source Files</Filter>
    </ClCompile>
    <ClCompile Include="ungif\gifalloc.c">
      <Filter>Source Files</Filter>
    </ClCompile>
    <ClCompile Include="zip\gzio2.cpp">
      <Filter>Source Files</Filter>
    </ClCompile>
    <ClCompile Include="zip\infblock.c">
      <Filter>Source Files</Filter>
    </ClCompile>
    <ClCompile Include="zip\infcodes.c">
      <Filter>Source Files</Filter>
    </ClCompile>
    <ClCompile Include="zip\inffast.c">
      <Filter>Source Files</Filter>
    </ClCompile>
    <ClCompile Include="zip\inflate.c">
      <Filter>Source Files</Filter>
    </ClCompile>
    <ClCompile Include="zip\inftrees.c">
      <Filter>Source Files</Filter>
    </ClCompile>
    <ClCompile Include="zip\infutil.c">
      <Filter>Source Files</Filter>
    </ClCompile>
    <ClCompile Include="jpeg\jcapimin.c">
      <Filter>Source Files</Filter>
    </ClCompile>
    <ClCompile Include="jpeg\jcapistd.c">
      <Filter>Source Files</Filter>
    </ClCompile>
    <ClCompile Include="jpeg\jccoefct.c">
      <Filter>Source Files</Filter>
    </ClCompile>
    <ClCompile Include="jpeg\jccolor.c">
      <Filter>Source Files</Filter>
    </ClCompile>
    <ClCompile Include="jpeg\jcdctmgr.c">
      <Filter>Source Files</Filter>
    </ClCompile>
    <ClCompile Include="jpeg\jchuff.c">
      <Filter>Source Files</Filter>
    </ClCompile>
    <ClCompile Include="jpeg\jcinit.c">
      <Filter>Source Files</Filter>
    </ClCompile>
    <ClCompile Include="jpeg\jcmainct.c">
      <Filter>Source Files</Filter>
    </ClCompile>
    <ClCompile Include="jpeg\jcmarker.c">
      <Filter>Source Files</Filter>
    </ClCompile>
    <ClCompile Include="jpeg\jcmaster.c">
      <Filter>Source Files</Filter>
    </ClCompile>
    <ClCompile Include="jpeg\jcomapi.c">
      <Filter>Source Files</Filter>
    </ClCompile>
    <ClCompile Include="jpeg\jcparam.c">
      <Filter>Source Files</Filter>
    </ClCompile>
    <ClCompile Include="jpeg\jcphuff.c">
      <Filter>Source Files</Filter>
    </ClCompile>
    <ClCompile Include="jpeg\jcprepct.c">
      <Filter>Source Files</Filter>
    </ClCompile>
    <ClCompile Include="jpeg\jcsample.c">
      <Filter>Source Files</Filter>
    </ClCompile>
    <ClCompile Include="jpeg\jdapimin.c">
      <Filter>Source Files</Filter>
    </ClCompile>
    <ClCompile Include="jpeg\jdapistd.c">
      <Filter>Source Files</Filter>
    </ClCompile>
    <ClCompile Include="jpeg\jdcoefct.c">
      <Filter>Source Files</Filter>
    </ClCompile>
    <ClCompile Include="jpeg\jdcolor.c">
      <Filter>Source Files</Filter>
    </ClCompile>
    <ClCompile Include="jpeg\jddctmgr.c">
      <Filter>Source Files</Filter>
    </ClCompile>
    <ClCompile Include="jpeg\jdhuff.c">
      <Filter>Source Files</Filter>
    </ClCompile>
    <ClCompile Include="jpeg\jdinput.c">
      <Filter>Source Files</Filter>
    </ClCompile>
    <ClCompile Include="jpeg\jdmainct.c">
      <Filter>Source Files</Filter>
    </ClCompile>
    <ClCompile Include="jpeg\jdmarker.c">
      <Filter>Source Files</Filter>
    </ClCompile>
    <ClCompile Include="jpeg\jdmaster.c">
      <Filter>Source Files</Filter>
    </ClCompile>
    <ClCompile Include="jpeg\jdmerge.c">
      <Filter>Source Files</Filter>
    </ClCompile>
    <ClCompile Include="jpeg\jdphuff.c">
      <Filter>Source Files</Filter>
    </ClCompile>
    <ClCompile Include="jpeg\jdpostct.c">
      <Filter>Source Files</Filter>
    </ClCompile>
    <ClCompile Include="jpeg\jdsample.c">
      <Filter>Source Files</Filter>
    </ClCompile>
    <ClCompile Include="jpeg\jfdctflt.c">
      <Filter>Source Files</Filter>
    </ClCompile>
    <ClCompile Include="jpeg\jfdctfst.c">
      <Filter>Source Files</Filter>
    </ClCompile>
    <ClCompile Include="jpeg\jfdctint.c">
      <Filter>Source Files</Filter>
    </ClCompile>
    <ClCompile Include="jpeg\jidctflt.c">
      <Filter>Source Files</Filter>
    </ClCompile>
    <ClCompile Include="jpeg\jidctfst.c">
      <Filter>Source Files</Filter>
    </ClCompile>
    <ClCompile Include="jpeg\jidctint.c">
      <Filter>Source Files</Filter>
    </ClCompile>
    <ClCompile Include="jpeg\jidctred.c">
      <Filter>Source Files</Filter>
    </ClCompile>
    <ClCompile Include="jpeg\jmemmgr.c">
      <Filter>Source Files</Filter>
    </ClCompile>
    <ClCompile Include="jpeg\jmemnobs.c">
      <Filter>Source Files</Filter>
    </ClCompile>
    <ClCompile Include="jpeg\jquant1.c">
      <Filter>Source Files</Filter>
    </ClCompile>
    <ClCompile Include="jpeg\jquant2.c">
      <Filter>Source Files</Filter>
    </ClCompile>
    <ClCompile Include="jpeg\jutils.c">
      <Filter>Source Files</Filter>
    </ClCompile>
    <ClCompile Include="ppblock.cpp">
      <Filter>Source Files</Filter>
    </ClCompile>
    <ClCompile Include="ppclient.cpp">
      <Filter>Source Files</Filter>
    </ClCompile>
    <ClCompile Include="ppconapp.cpp">
      <Filter>Source Files</Filter>
    </ClCompile>
    <ClCompile Include="zip\ppdeflate.cpp">
      <Filter>Source Files</Filter>
    </ClCompile>
    <ClCompile Include="ppdir.cpp">
      <Filter>Source Files</Filter>
    </ClCompile>
    <ClCompile Include="pperror.cpp">
      <Filter>Source Files</Filter>
    </ClCompile>
    <ClCompile Include="ppfstream.cpp">
      <Filter>Source Files</Filter>
    </ClCompile>
    <ClCompile Include="ungif\ppgif.cpp">
      <Filter>Source Files</Filter>
    </ClCompile>
    <ClCompile Include="zip\ppgzip.cpp">
      <Filter>Source Files</Filter>
    </ClCompile>
    <ClCompile Include="ppi18n_1252.cpp">
      <Filter>Source Files</Filter>
    </ClCompile>
    <ClCompile Include="ppi18n_ascii.cpp">
      <Filter>Source Files</Filter>
    </ClCompile>
    <ClCompile Include="ppi18n_casefolding.cpp">
      <Filter>Source Files</Filter>
    </ClCompile>
    <ClCompile Include="ppi18n_codepage.cpp">
      <Filter>Source Files</Filter>
    </ClCompile>
    <ClCompile Include="ppi18n_stream.cpp">
      <Filter>Source Files</Filter>
    </ClCompile>
    <ClCompile Include="ppimage.cpp">
      <Filter>Source Files</Filter>
    </ClCompile>
    <ClCompile Include="ppincludebase.cpp">
      <Filter>Source Files</Filter>
    </ClCompile>
    <ClCompile Include="zip\ppinflate.cpp">
      <Filter>Source Files</Filter>
    </ClCompile>
    <ClCompile Include="ppinifile.cpp">
      <Filter>Source Files</Filter>
    </ClCompile>
    <ClCompile Include="ppinifileex.cpp">
      <Filter>Source Files</Filter>
    </ClCompile>
    <ClCompile Include="ppiofile.cpp">
      <Filter>Source Files</Filter>
    </ClCompile>
    <ClCompile Include="ppipc.cpp">
      <Filter>Source Files</Filter>
    </ClCompile>
    <ClCompile Include="jpeg\ppjerror.cpp">
      <Filter>Source Files</Filter>
    </ClCompile>
    <ClCompile Include="jpeg\ppjpeg.cpp">
      <Filter>Source Files</Filter>
    </ClCompile>
    <ClCompile Include="jpeg\ppjpegout.cpp">
      <Filter>Source Files</Filter>
    </ClCompile>
    <ClCompile Include="pplogfile.cpp">
      <Filter>Source Files</Filter>
    </ClCompile>
    <ClCompile Include="ppmsg.cpp">
      <Filter>Source Files</Filter>
    </ClCompile>
    <ClCompile Include="ppmstream.cpp">
      <Filter>Source Files</Filter>
    </ClCompile>
    <ClCompile Include="ppprocess.cpp">
      <Filter>Source Files</Filter>
    </ClCompile>
    <ClCompile Include="ppprocesselevated.cpp">
      <Filter>Source Files</Filter>
    </ClCompile>
    <ClCompile Include="ppprocesskill.cpp">
      <Filter>Source Files</Filter>
    </ClCompile>
    <ClCompile Include="pprandom.cpp">
      <Filter>Source Files</Filter>
    </ClCompile>
    <ClCompile Include="ppsig.cpp">
      <Filter>Source Files</Filter>
    </ClCompile>
    <ClCompile Include="ppsocket.cpp">
      <Filter>Source Files</Filter>
    </ClCompile>
    <ClCompile Include="ppsocketc.cpp">
      <Filter>Source Files</Filter>
    </ClCompile>
    <ClCompile Include="ppsockets.cpp">
      <Filter>Source Files</Filter>
    </ClCompile>
    <ClCompile Include="ppsocketudp.cpp">
      <Filter>Source Files</Filter>
    </ClCompile>
    <ClCompile Include="ppstring.cpp">
      <Filter>Source Files</Filter>
    </ClCompile>
    <ClCompile Include="ppstringutf8.cpp">
      <Filter>Source Files</Filter>
    </ClCompile>
    <ClCompile Include="ppstringw.cpp">
      <Filter>Source Files</Filter>
    </ClCompile>
    <ClCompile Include="ppstringx.cpp">
      <Filter>Source Files</Filter>
    </ClCompile>
    <ClCompile Include="ppsysinfo.cpp">
      <Filter>Source Files</Filter>
    </ClCompile>
    <ClCompile Include="ppthread.cpp">
      <Filter>Source Files</Filter>
    </ClCompile>
    <ClCompile Include="ppunistring.cpp">
      <Filter>Source Files</Filter>
    </ClCompile>
    <ClCompile Include="ppwinsvc.cpp">
      <Filter>Source Files</Filter>
    </ClCompile>
    <ClCompile Include="ppwinwnd.cpp">
      <Filter>Source Files</Filter>
    </ClCompile>
    <ClCompile Include="zip\ppzzip.cpp">
      <Filter>Source Files</Filter>
    </ClCompile>
    <ClCompile Include="zip\trees.c">
      <Filter>Source Files</Filter>
    </ClCompile>
    <ClCompile Include="zip\unzip.c">
      <Filter>Source Files</Filter>
    </ClCompile>
    <ClCompile Include="zip\zip.c">
      <Filter>Source Files</Filter>
    </ClCompile>
    <ClCompile Include="zip\zip2.cpp">
      <Filter>Source Files</Filter>
    </ClCompile>
    <ClCompile Include="zip\zutil.c">
      <Filter>Source Files</Filter>
    </ClCompile>
    <ClCompile Include="ppsocketsudt.cpp">
      <Filter>Source Files</Filter>
    </ClCompile>
    <ClCompile Include="udt\pudtsocket.cpp">
      <Filter>Source Files</Filter>
    </ClCompile>
    <ClCompile Include="udt\pudtlosslist.cpp">
      <Filter>Source Files</Filter>
    </ClCompile>
    <ClCompile Include="udt\pudtbuffer.cpp">
      <Filter>Source Files</Filter>
    </ClCompile>
    <ClCompile Include="udt\pudtwindow.cpp">
      <Filter>Source Files</Filter>
    </ClCompile>
    <ClCompile Include="udt\pudttimer.cpp">
      <Filter>Source Files</Filter>
    </ClCompile>
    <ClCompile Include="udt\pudtccc.cpp">
      <Filter>Source Files</Filter>
    </ClCompile>
    <ClCompile Include="udt\pudtpacket.cpp">
      <Filter>Source Files</Filter>
    </ClCompile>
    <ClCompile Include="ppstacktrace.cpp">
      <Filter>Source Files</Filter>
    </ClCompile>
    <ClCompile Include="ppmemtrace.cpp">
      <Filter>Source Files</Filter>
    </ClCompile>
  </ItemGroup>
  <ItemGroup>
    <ClInclude Include="jpeg\jchuff.h">
      <Filter>Header Files</Filter>
    </ClInclude>
    <ClInclude Include="jpeg\jconfig.h">
      <Filter>Header Files</Filter>
    </ClInclude>
    <ClInclude Include="jpeg\jdct.h">
      <Filter>Header Files</Filter>
    </ClInclude>
    <ClInclude Include="jpeg\jdhuff.h">
      <Filter>Header Files</Filter>
    </ClInclude>
    <ClInclude Include="jpeg\jerror.h">
      <Filter>Header Files</Filter>
    </ClInclude>
    <ClInclude Include="jpeg\jinclude.h">
      <Filter>Header Files</Filter>
    </ClInclude>
    <ClInclude Include="jpeg\jmemsys.h">
      <Filter>Header Files</Filter>
    </ClInclude>
    <ClInclude Include="jpeg\jmorecfg.h">
      <Filter>Header Files</Filter>
    </ClInclude>
    <ClInclude Include="jpeg\jpegint.h">
      <Filter>Header Files</Filter>
    </ClInclude>
    <ClInclude Include="jpeg\jpeglib.h">
      <Filter>Header Files</Filter>
    </ClInclude>
    <ClInclude Include="jpeg\jversion.h">
      <Filter>Header Files</Filter>
    </ClInclude>
    <ClInclude Include="ppblock.h">
      <Filter>Header Files</Filter>
    </ClInclude>
    <ClInclude Include="ppclient.h">
      <Filter>Header Files</Filter>
    </ClInclude>
    <ClInclude Include="ppcontainer.h">
      <Filter>Header Files</Filter>
    </ClInclude>
    <ClInclude Include="ppdaemon.h">
      <Filter>Header Files</Filter>
    </ClInclude>
    <ClInclude Include="ppdir.h">
      <Filter>Header Files</Filter>
    </ClInclude>
    <ClInclude Include="pperror.h">
      <Filter>Header Files</Filter>
    </ClInclude>
    <ClInclude Include="ppi18n.h">
      <Filter>Header Files</Filter>
    </ClInclude>
    <ClInclude Include="ppimage.h">
      <Filter>Header Files</Filter>
    </ClInclude>
    <ClInclude Include="ppinclude.h">
      <Filter>Header Files</Filter>
    </ClInclude>
    <ClInclude Include="ppincludebase.h">
      <Filter>Header Files</Filter>
    </ClInclude>
    <ClInclude Include="ppinifile.h">
      <Filter>Header Files</Filter>
    </ClInclude>
    <ClInclude Include="ppiofile.h">
      <Filter>Header Files</Filter>
    </ClInclude>
    <ClInclude Include="ppipc.h">
      <Filter>Header Files</Filter>
    </ClInclude>
    <ClInclude Include="pplogfile.h">
      <Filter>Header Files</Filter>
    </ClInclude>
    <ClInclude Include="ppmsg.h">
      <Filter>Header Files</Filter>
    </ClInclude>
    <ClInclude Include="ppprocess.h">
      <Filter>Header Files</Filter>
    </ClInclude>
    <ClInclude Include="pprandom.h">
      <Filter>Header Files</Filter>
    </ClInclude>
    <ClInclude Include="ppsig.h">
      <Filter>Header Files</Filter>
    </ClInclude>
    <ClInclude Include="ppsocket.h">
      <Filter>Header Files</Filter>
    </ClInclude>
    <ClInclude Include="ppstream.h">
      <Filter>Header Files</Filter>
    </ClInclude>
    <ClInclude Include="ppstring.h">
      <Filter>Header Files</Filter>
    </ClInclude>
    <ClInclude Include="ppsystem.h">
      <Filter>Header Files</Filter>
    </ClInclude>
    <ClInclude Include="ppthread.h">
      <Filter>Header Files</Filter>
    </ClInclude>
    <ClInclude Include="pptime.h">
      <Filter>Header Files</Filter>
    </ClInclude>
    <ClInclude Include="ppunistring.h">
      <Filter>Header Files</Filter>
    </ClInclude>
    <ClInclude Include="ppwinwnd.h">
      <Filter>Header Files</Filter>
    </ClInclude>
    <ClInclude Include="ppzip.h">
      <Filter>Header Files</Filter>
    </ClInclude>
    <ClInclude Include="ppi18n_bcustring.h">
      <Filter>Header Files</Filter>
    </ClInclude>
    <ClInclude Include="ppi18n_casefolding.h">
      <Filter>Header Files</Filter>
    </ClInclude>
    <ClInclude Include="ppi18n_codepage.h">
      <Filter>Header Files</Filter>
    </ClInclude>
    <ClInclude Include="ppi18n_string.h">
      <Filter>Header Files</Filter>
    </ClInclude>
    <ClInclude Include="ppi18n_utf8.h">
      <Filter>Header Files</Filter>
    </ClInclude>
    <ClInclude Include="ppi18n_x.h">
      <Filter>Header Files</Filter>
    </ClInclude>
    <ClInclude Include="ppstrtok.h">
      <Filter>Header Files</Filter>
    </ClInclude>
    <ClInclude Include="ppsocketudt.h">
      <Filter>Header Files</Filter>
    </ClInclude>
    <ClInclude Include="udt\pudtsocket.h">
      <Filter>Header Files</Filter>
    </ClInclude>
    <ClInclude Include="udt\pudtcommon.h">
      <Filter>Header Files</Filter>
    </ClInclude>
    <ClInclude Include="udt\pudtlosslist.h">
      <Filter>Header Files</Filter>
    </ClInclude>
    <ClInclude Include="udt\pudtbuffer.h">
      <Filter>Header Files</Filter>
    </ClInclude>
    <ClInclude Include="udt\pudtwindow.h">
      <Filter>Header Files</Filter>
    </ClInclude>
    <ClInclude Include="udt\pudtccc.h">
      <Filter>Header Files</Filter>
    </ClInclude>
    <ClInclude Include="udt\pudttimer.h">
      <Filter>Header Files</Filter>
    </ClInclude>
    <ClInclude Include="udt\pudtpacket.h">
      <Filter>Header Files</Filter>
    </ClInclude>
    <ClInclude Include="udt\pudtdefine.h">
      <Filter>Header Files</Filter>
    </ClInclude>
    <ClInclude Include="ppidmap.h">
      <Filter>Header Files</Filter>
    </ClInclude>
    <ClInclude Include="ppstacktrace.h">
      <Filter>Header Files</Filter>
    </ClInclude>
    <ClInclude Include="ppmemtrace.h">
      <Filter>Header Files</Filter>
    </ClInclude>
    <ClInclude Include="ppmemtracedisable.h">
      <Filter>Header Files</Filter>
    </ClInclude>
    <ClInclude Include="ppmemtraceenable.h">
      <Filter>Header Files</Filter>
    </ClInclude>
  </ItemGroup>
</Project>