
Microsoft Visual Studio Solution File, Format Version 12.00
# Visual Studio 15
VisualStudioVersion = 15.0.28307.572
MinimumVisualStudioVersion = 10.0.40219.1
Project("{8BC9CEB8-8B4A-11D0-8D11-00A0C91BC942}") = "plib", "..\plib\plib64.vcxproj", "{BC7ACFA9-3540-4717-8F40-D649A0D130EF}"
EndProject
Global
	GlobalSection(SolutionConfigurationPlatforms) = preSolution
		Debug|x64 = Debug|x64
		Release|x64 = Release|x64
	EndGlobalSection
	GlobalSection(ProjectConfigurationPlatforms) = postSolution
		{BC7ACFA9-3540-4717-8F40-D649A0D130EF}.Debug|x64.ActiveCfg = Debug|x64
		{BC7ACFA9-3540-4717-8F40-D649A0D130EF}.Debug|x64.Build.0 = Debug|x64
		{BC7ACFA9-3540-4717-8F40-D649A0D130EF}.Release|x64.ActiveCfg = Release|x64
		{BC7ACFA9-3540-4717-8F40-D649A0D130EF}.Release|x64.Build.0 = Release|x64
	EndGlobalSection
	GlobalSection(SolutionProperties) = preSolution
		HideSolutionNode = FALSE
	EndGlobalSection
	GlobalSection(ExtensibilityGlobals) = postSolution
		SolutionGuid = {89443A76-7015-4089-BD2B-88F2CC1D3727}
	EndGlobalSection
EndGlobal
