<?xml version="1.0" encoding="utf-8"?>
<Project ToolsVersion="4.0" xmlns="http://schemas.microsoft.com/developer/msbuild/2003">
  <ItemGroup>
    <Filter Include="Source Files">
      <UniqueIdentifier>{9a0ec9e3-61f4-463e-9624-8d33feed479b}</UniqueIdentifier>
      <Extensions>cpp;c;cxx;rc;def;r;odl;idl;hpj;bat</Extensions>
    </Filter>
    <Filter Include="Header Files">
      <UniqueIdentifier>{3ebc177b-d01c-4d34-a25c-e309ae34f57f}</UniqueIdentifier>
      <Extensions>h;hpp;hxx;hm;inl</Extensions>
    </Filter>
    <Filter Include="Misc">
      <UniqueIdentifier>{d94755da-e81d-4af3-be14-74c75209da6b}</UniqueIdentifier>
    </Filter>
  </ItemGroup>
  <ItemGroup>
    <ClCompile Include="LoopbackMain.cpp">
      <Filter>Source Files</Filter>
    </ClCompile>
    <ClCompile Include="LoopbackObject.cpp">
      <Filter>Source Files</Filter>
    </ClCompile>
    <ClCompile Include="LoopbackSmemStart.cpp">
      <Filter>Source Files</Filter>
    </ClCompile>
  </ItemGroup>
  <ItemGroup>
    <ClInclude Include="LoopbackObject.h">
      <Filter>Header Files</Filter>
    </ClInclude>
    <ClInclude Include="LoopbackStart.h">
      <Filter>Header Files</Filter>
    </ClInclude>
  </ItemGroup>
  <ItemGroup>
    <None Include="loopbacksmem.files">
      <Filter>Misc</Filter>
    </None>
  </ItemGroup>
</Project>
