<?xml version="1.0" encoding="utf-8"?>
<Project ToolsVersion="4.0" xmlns="http://schemas.microsoft.com/developer/msbuild/2003">
  <ItemGroup>
    <Filter Include="Source Files">
      <UniqueIdentifier>{4FC737F1-C7A5-4376-A066-2A32D752A2FF}</UniqueIdentifier>
      <Extensions>cpp;c;cc;cxx;def;odl;idl;hpj;bat;asm;asmx</Extensions>
    </Filter>
    <Filter Include="Header Files">
      <UniqueIdentifier>{93995380-89BD-4b04-88EB-625FBE52EBFB}</UniqueIdentifier>
      <Extensions>h;hh;hpp;hxx;hm;inl;inc;ipp;xsd</Extensions>
    </Filter>
    <Filter Include="Misc">
      <UniqueIdentifier>{b24b1a2c-567f-4844-b6b6-3b80e415d87a}</UniqueIdentifier>
    </Filter>
    <Filter Include="Source Files\Generic">
      <UniqueIdentifier>{341ad526-d9c8-4c44-99f4-ca835d977146}</UniqueIdentifier>
    </Filter>
    <Filter Include="Source Files\protocols">
      <UniqueIdentifier>{9fc56b20-60e3-41b4-b5d0-9b474337df93}</UniqueIdentifier>
    </Filter>
  </ItemGroup>
  <ItemGroup>
    <None Include="pdserver_sample.ini">
      <Filter>Misc</Filter>
    </None>
    <None Include="pdserversmem.files">
      <Filter>Misc</Filter>
    </None>
  </ItemGroup>
  <ItemGroup>
    <ClCompile Include="..\..\securitytools\Generic\GenericConnections.cpp">
      <Filter>Source Files\Generic</Filter>
    </ClCompile>
    <ClCompile Include="..\..\securitytools\Generic\GenericServer.cpp">
      <Filter>Source Files\Generic</Filter>
    </ClCompile>
    <ClCompile Include="..\..\securitytools\Generic\GenericSrvObject.cpp">
      <Filter>Source Files\Generic</Filter>
    </ClCompile>
    <ClCompile Include="pdserverMain.cpp">
      <Filter>Source Files</Filter>
    </ClCompile>
    <ClCompile Include="pdserverSrvObject.cpp">
      <Filter>Source Files</Filter>
    </ClCompile>
    <ClCompile Include="pdserverConnections.cpp">
      <Filter>Source Files</Filter>
    </ClCompile>
    <ClCompile Include="pdserversmemstart.cpp">
      <Filter>Source Files</Filter>
    </ClCompile>
    <ClCompile Include="..\..\protocols\counters.cpp">
      <Filter>Source Files\protocols</Filter>
    </ClCompile>
    <ClCompile Include="..\..\protocols\shared.cpp">
      <Filter>Source Files\protocols</Filter>
    </ClCompile>
  </ItemGroup>
  <ItemGroup>
    <ClInclude Include="pdserverSrvObject.h">
      <Filter>Header Files</Filter>
    </ClInclude>
    <ClInclude Include="pdserver.h">
      <Filter>Header Files</Filter>
    </ClInclude>
    <ClInclude Include="pdserverConnections.h">
      <Filter>Header Files</Filter>
    </ClInclude>
    <ClInclude Include="pdserverStart.h">
      <Filter>Header Files</Filter>
    </ClInclude>
  </ItemGroup>
</Project>