<?xml version="1.0" encoding="utf-8"?>
<Project ToolsVersion="4.0" xmlns="http://schemas.microsoft.com/developer/msbuild/2003">
  <ItemGroup>
    <Filter Include="Source Files">
      <UniqueIdentifier>{4FC737F1-C7A5-4376-A066-2A32D752A2FF}</UniqueIdentifier>
      <Extensions>cpp;c;cc;cxx;def;odl;idl;hpj;bat;asm;asmx</Extensions>
    </Filter>
    <Filter Include="Header Files">
      <UniqueIdentifier>{93995380-89BD-4b04-88EB-625FBE52EBFB}</UniqueIdentifier>
      <Extensions>h;hh;hpp;hxx;hm;inl;inc;ipp;xsd</Extensions>
    </Filter>
    <Filter Include="Resource Files">
      <UniqueIdentifier>{67DA6AB6-F800-4c08-8B7A-83BB121AAD01}</UniqueIdentifier>
      <Extensions>rc;ico;cur;bmp;dlg;rc2;rct;bin;rgs;gif;jpg;jpeg;jpe;resx;tiff;tif;png;wav;mfcribbon-ms</Extensions>
    </Filter>
    <Filter Include="Algorithm">
      <UniqueIdentifier>{833d04fb-8679-4910-b218-490f3a7e1ff8}</UniqueIdentifier>
    </Filter>
    <Filter Include="leetcode">
      <UniqueIdentifier>{45fb42d0-f1f8-47c2-8f1b-5368eb48b128}</UniqueIdentifier>
    </Filter>
  </ItemGroup>
  <ItemGroup>
    <ClInclude Include="stdafx.h">
      <Filter>Header Files</Filter>
    </ClInclude>
    <ClInclude Include="targetver.h">
      <Filter>Header Files</Filter>
    </ClInclude>
    <ClInclude Include="algorithm\constants.h">
      <Filter>Algorithm</Filter>
    </ClInclude>
    <ClInclude Include="algorithm\array_algorithm.h">
      <Filter>Algorithm</Filter>
    </ClInclude>
    <ClInclude Include="algorithm\test.h">
      <Filter>Algorithm</Filter>
    </ClInclude>
    <ClInclude Include="algorithm\bitalgorithm.h">
      <Filter>Algorithm</Filter>
    </ClInclude>
    <ClInclude Include="algorithm\containers.h">
      <Filter>Algorithm</Filter>
    </ClInclude>
    <ClInclude Include="algorithm\graph.h">
      <Filter>Algorithm</Filter>
    </ClInclude>
    <ClInclude Include="algorithm\linked_list.h">
      <Filter>Algorithm</Filter>
    </ClInclude>
    <ClInclude Include="algorithm\radix_search.h">
      <Filter>Algorithm</Filter>
    </ClInclude>
    <ClInclude Include="algorithm\search.h">
      <Filter>Algorithm</Filter>
    </ClInclude>
    <ClInclude Include="algorithm\sorting.h">
      <Filter>Algorithm</Filter>
    </ClInclude>
  </ItemGroup>
  <ItemGroup>
    <ClCompile Include="stdafx.cpp">
      <Filter>Source Files</Filter>
    </ClCompile>
    <ClCompile Include="AlgorithmApp.cpp">
      <Filter>Source Files</Filter>
    </ClCompile>
    <ClCompile Include="algorithm\array_algorithm.cpp">
      <Filter>Algorithm</Filter>
    </ClCompile>
    <ClCompile Include="algorithm\test.cpp">
      <Filter>Algorithm</Filter>
    </ClCompile>
    <ClCompile Include="algorithm\bitalgorithm.cpp">
      <Filter>Algorithm</Filter>
    </ClCompile>
    <ClCompile Include="algorithm\containers.cpp">
      <Filter>Algorithm</Filter>
    </ClCompile>
    <ClCompile Include="algorithm\graph.cpp">
      <Filter>Algorithm</Filter>
    </ClCompile>
    <ClCompile Include="algorithm\linked_list.cpp">
      <Filter>Algorithm</Filter>
    </ClCompile>
    <ClCompile Include="algorithm\radix_search.cpp">
      <Filter>Algorithm</Filter>
    </ClCompile>
    <ClCompile Include="algorithm\search.cpp">
      <Filter>Algorithm</Filter>
    </ClCompile>
    <ClCompile Include="algorithm\sorting.cpp">
      <Filter>Algorithm</Filter>
    </ClCompile>
  </ItemGroup>
</Project>