<?xml version="1.0" encoding="utf-8"?>
<Project ToolsVersion="4.0" xmlns="http://schemas.microsoft.com/developer/msbuild/2003">
  <ItemGroup>
    <Filter Include="Source Files">
      <UniqueIdentifier>{4FC737F1-C7A5-4376-A066-2A32D752A2FF}</UniqueIdentifier>
      <Extensions>cpp;c;cc;cxx;def;odl;idl;hpj;bat;asm;asmx</Extensions>
    </Filter>
    <Filter Include="Header Files">
      <UniqueIdentifier>{93995380-89BD-4b04-88EB-625FBE52EBFB}</UniqueIdentifier>
      <Extensions>h;hh;hpp;hxx;hm;inl;inc;ipp;xsd</Extensions>
    </Filter>
    <Filter Include="Misc">
      <UniqueIdentifier>{d9f86674-5e54-4f66-a139-dd4c3e5d24aa}</UniqueIdentifier>
    </Filter>
    <Filter Include="Source Files\protocols">
      <UniqueIdentifier>{2d8c0d89-d128-4962-8e44-2d561582dd8f}</UniqueIdentifier>
    </Filter>
  </ItemGroup>
  <ItemGroup>
    <ClInclude Include="GenericAsyncCall.h">
      <Filter>Header Files</Filter>
    </ClInclude>
    <ClInclude Include="GenericDbmmanager.h">
      <Filter>Header Files</Filter>
    </ClInclude>
    <ClInclude Include="GenericDbmSrvObject.h">
      <Filter>Header Files</Filter>
    </ClInclude>
    <ClInclude Include="GenericServer.h">
      <Filter>Header Files</Filter>
    </ClInclude>
    <ClInclude Include="GenericSrvObject.h">
      <Filter>Header Files</Filter>
    </ClInclude>
    <ClInclude Include="GenericStart.h">
      <Filter>Header Files</Filter>
    </ClInclude>
    <ClInclude Include="GenericConnections.h">
      <Filter>Header Files</Filter>
    </ClInclude>
    <ClInclude Include="GenericPrepStmtTemplates.h">
      <Filter>Header Files</Filter>
    </ClInclude>
  </ItemGroup>
  <ItemGroup>
    <None Include="generic_example.ini">
      <Filter>Misc</Filter>
    </None>
    <None Include="genericsmem.files">
      <Filter>Misc</Filter>
    </None>
  </ItemGroup>
  <ItemGroup>
    <ClCompile Include="GenericDbmManager.cpp">
      <Filter>Source Files</Filter>
    </ClCompile>
    <ClCompile Include="GenericDbmSrvObject.cpp">
      <Filter>Source Files</Filter>
    </ClCompile>
    <ClCompile Include="GenericSrvObject.cpp">
      <Filter>Source Files</Filter>
    </ClCompile>
    <ClCompile Include="GenericServer.cpp">
      <Filter>Source Files</Filter>
    </ClCompile>
    <ClCompile Include="GenericConnections.cpp">
      <Filter>Source Files</Filter>
    </ClCompile>
    <ClCompile Include="..\..\protocols\dbmgenerator.cpp">
      <Filter>Source Files\protocols</Filter>
    </ClCompile>
    <ClCompile Include="..\..\protocols\dbcommon.cpp">
      <Filter>Source Files\protocols</Filter>
    </ClCompile>
    <ClCompile Include="..\..\protocols\counters.cpp">
      <Filter>Source Files\protocols</Filter>
    </ClCompile>
    <ClCompile Include="..\..\protocols\olapreplicatordummy.cpp">
      <Filter>Source Files\protocols</Filter>
    </ClCompile>
    <ClCompile Include="..\..\protocols\dbmstmt.cpp">
      <Filter>Source Files\protocols</Filter>
    </ClCompile>
    <ClCompile Include="..\..\protocols\psqlvalue.cpp">
      <Filter>Source Files\protocols</Filter>
    </ClCompile>
    <ClCompile Include="..\..\protocols\initdata.cpp">
      <Filter>Source Files\protocols</Filter>
    </ClCompile>
    <ClCompile Include="..\..\protocols\initdatetime.cpp">
      <Filter>Source Files\protocols</Filter>
    </ClCompile>
    <ClCompile Include="..\..\protocols\sitemasks.cpp">
      <Filter>Source Files\protocols</Filter>
    </ClCompile>
    <ClCompile Include="..\..\protocols\licensemask.cpp">
      <Filter>Source Files\protocols</Filter>
    </ClCompile>
  </ItemGroup>
</Project>