<?xml version="1.0" encoding="utf-8"?>
<Project ToolsVersion="4.0" xmlns="http://schemas.microsoft.com/developer/msbuild/2003">
  <ItemGroup>
    <Filter Include="Source Files">
      <UniqueIdentifier>{4FC737F1-C7A5-4376-A066-2A32D752A2FF}</UniqueIdentifier>
      <Extensions>cpp;c;cc;cxx;def;odl;idl;hpj;bat;asm;asmx</Extensions>
    </Filter>
    <Filter Include="Header Files">
      <UniqueIdentifier>{93995380-89BD-4b04-88EB-625FBE52EBFB}</UniqueIdentifier>
      <Extensions>h;hpp;hxx;hm;inl;inc;xsd</Extensions>
    </Filter>
    <Filter Include="Misc">
      <UniqueIdentifier>{37f2fb20-b86d-4d66-9c66-f437f31590f0}</UniqueIdentifier>
    </Filter>
    <Filter Include="Source Files\srvshared">
      <UniqueIdentifier>{94a17e4b-79cf-40d7-a0f8-f97a04f37834}</UniqueIdentifier>
    </Filter>
    <Filter Include="Source Files\protocols">
      <UniqueIdentifier>{9fd76c0f-4341-44be-9cf0-467d10946a92}</UniqueIdentifier>
    </Filter>
    <Filter Include="Header Files\srvshared">
      <UniqueIdentifier>{a9ba5cf2-53d9-4120-8522-7e60d8bdce85}</UniqueIdentifier>
    </Filter>
    <Filter Include="Header Files\protocols">
      <UniqueIdentifier>{f9a320d1-147a-466a-80cb-10a03b47d7fd}</UniqueIdentifier>
    </Filter>
  </ItemGroup>
  <ItemGroup>
    <None Include="colccda_sample.ini">
      <Filter>Misc</Filter>
    </None>
    <None Include="colossuscdasmem.files">
      <Filter>Misc</Filter>
    </None>
  </ItemGroup>
  <ItemGroup>
    <ClCompile Include="ColCdaSmemStart.cpp">
      <Filter>Source Files</Filter>
    </ClCompile>
    <ClCompile Include="ColCdaCacheTypes.cpp">
      <Filter>Source Files</Filter>
    </ClCompile>
    <ClCompile Include="..\..\protocols\shared.cpp">
      <Filter>Source Files\protocols</Filter>
    </ClCompile>
    <ClCompile Include="..\..\protocols\i18n.strmap.cpp">
      <Filter>Source Files\protocols</Filter>
    </ClCompile>
    <ClCompile Include="..\..\protocols\i18n.utils.cpp">
      <Filter>Source Files\protocols</Filter>
    </ClCompile>
    <ClCompile Include="..\..\protocols\i18n.locales.cpp">
      <Filter>Source Files\protocols</Filter>
    </ClCompile>
    <ClCompile Include="..\..\protocols\vppmultipliers.cpp">
      <Filter>Source Files\protocols</Filter>
    </ClCompile>
    <ClCompile Include="..\..\protocols\stringroutines.cpp">
      <Filter>Source Files\protocols</Filter>
    </ClCompile>
    <ClCompile Include="ColCdaMain.cpp">
      <Filter>Source Files</Filter>
    </ClCompile>
    <ClCompile Include="ColCdaObject.cpp">
      <Filter>Source Files</Filter>
    </ClCompile>
    <ClCompile Include="..\..\protocols\counters.cpp">
      <Filter>Source Files\protocols</Filter>
    </ClCompile>
    <ClCompile Include="ColCdaAdminProcessing.cpp">
      <Filter>Source Files</Filter>
    </ClCompile>
    <ClCompile Include="..\..\protocols\PBitmask.cpp">
      <Filter>Source Files\protocols</Filter>
    </ClCompile>
    <ClCompile Include="..\..\protocols\sitemasks.cpp">
      <Filter>Source Files\protocols</Filter>
    </ClCompile>
    <ClCompile Include="..\..\protocols\licensemask.cpp">
      <Filter>Source Files\protocols</Filter>
    </ClCompile>
    <ClCompile Include="..\..\protocols\licenserules.cpp">
      <Filter>Source Files\protocols</Filter>
    </ClCompile>
    <ClCompile Include="Connection.cpp">
      <Filter>Source Files</Filter>
    </ClCompile>
  </ItemGroup>
  <ItemGroup>
    <ClInclude Include="ColCdaStart.h">
      <Filter>Header Files</Filter>
    </ClInclude>
    <ClInclude Include="ColCdaCacheTypes.h">
      <Filter>Header Files</Filter>
    </ClInclude>
    <ClInclude Include="ColCdaObject.h">
      <Filter>Header Files</Filter>
    </ClInclude>
    <ClInclude Include="Connection.h">
      <Filter>Header Files</Filter>
    </ClInclude>
    <ClInclude Include="ColCdashared.h">
      <Filter>Header Files\srvshared</Filter>
    </ClInclude>
  </ItemGroup>
</Project>